
Microsoft Visual Studio Solution File, Format Version 12.00
# Visual Studio Version 16
VisualStudioVersion = 16.0.29209.152
MinimumVisualStudioVersion = 10.0.40219.1
Project("{FAE04EC0-301F-11D3-BF4B-00C04F79EFBC}") = "WeaponShop", "WeaponShop.csproj", "{542ED343-C438-441B-B5A7-62330DF44916}"
EndProject
Global
	GlobalSection(SolutionConfigurationPlatforms) = preSolution
		Debug|Any CPU = Debug|Any CPU
		Release|Any CPU = Release|Any CPU
	EndGlobalSection
	GlobalSection(ProjectConfigurationPlatforms) = postSolution
		{542ED343-C438-441B-B5A7-62330DF44916}.Debug|Any CPU.ActiveCfg = Debug|Any CPU
		{542ED343-C438-441B-B5A7-62330DF44916}.Debug|Any CPU.Build.0 = Debug|Any CPU
		{542ED343-C438-441B-B5A7-62330DF44916}.Release|Any CPU.ActiveCfg = Release|Any CPU
		{542ED343-C438-441B-B5A7-62330DF44916}.Release|Any CPU.Build.0 = Release|Any CPU
	EndGlobalSection
	GlobalSection(SolutionProperties) = preSolution
		HideSolutionNode = FALSE
	EndGlobalSection
	GlobalSection(ExtensibilityGlobals) = postSolution
		SolutionGuid = {773DFBF4-E9DE-45D1-A009-19B921E8CE1F}
	EndGlobalSection
EndGlobal
